// !$*UTF8*$!
{
	archiveVersion = 1;
	classes = {
	};
	objectVersion = 46;
	objects = {

/* Begin PBXBuildFile section */
		D2E83FF21C30C2A2004BF4CA /* main.m in Sources */ = {isa = PBXBuildFile; fileRef = D2E83FF11C30C2A2004BF4CA /* main.m */; };
		D2E83FF51C30C2A2004BF4CA /* AppDelegate.m in Sources */ = {isa = PBXBuildFile; fileRef = D2E83FF41C30C2A2004BF4CA /* AppDelegate.m */; };
		D2E83FF81C30C2A2004BF4CA /* ViewController.m in Sources */ = {isa = PBXBuildFile; fileRef = D2E83FF71C30C2A2004BF4CA /* ViewController.m */; };
		D2E83FFB1C30C2A2004BF4CA /* Main.storyboard in Resources */ = {isa = PBXBuildFile; fileRef = D2E83FF91C30C2A2004BF4CA /* Main.storyboard */; };
		D2E83FFD1C30C2A2004BF4CA /* Assets.xcassets in Resources */ = {isa = PBXBuildFile; fileRef = D2E83FFC1C30C2A2004BF4CA /* Assets.xcassets */; };
		D2E840001C30C2A2004BF4CA /* LaunchScreen.storyboard in Resources */ = {isa = PBXBuildFile; fileRef = D2E83FFE1C30C2A2004BF4CA /* LaunchScreen.storyboard */; };
		D2E8400B1C30C2A2004BF4CA /* FootballTests.m in Sources */ = {isa = PBXBuildFile; fileRef = D2E8400A1C30C2A2004BF4CA /* FootballTests.m */; };
		D2E840161C30C2A2004BF4CA /* FootballUITests.m in Sources */ = {isa = PBXBuildFile; fileRef = D2E840151C30C2A2004BF4CA /* FootballUITests.m */; };
		D2E8403F1C34DAEC004BF4CA /* 1.txt in Resources */ = {isa = PBXBuildFile; fileRef = D2E8403A1C34DAEC004BF4CA /* 1.txt */; };
/* End PBXBuildFile section */

/* Begin PBXContainerItemProxy section */
		D2E840071C30C2A2004BF4CA /* PBXContainerItemProxy */ = {
			isa = PBXContainerItemProxy;
			containerPortal = D2E83FE51C30C2A2004BF4CA /* Project object */;
			proxyType = 1;
			remoteGlobalIDString = D2E83FEC1C30C2A2004BF4CA;
			remoteInfo = Football;
		};
		D2E840121C30C2A2004BF4CA /* PBXContainerItemProxy */ = {
			isa = PBXContainerItemProxy;
			containerPortal = D2E83FE51C30C2A2004BF4CA /* Project object */;
			proxyType = 1;
			remoteGlobalIDString = D2E83FEC1C30C2A2004BF4CA;
			remoteInfo = Football;
		};
/* End PBXContainerItemProxy section */

/* Begin PBXFileReference section */
		D2E83FED1C30C2A2004BF4CA /* Football.app */ = {isa = PBXFileReference; explicitFileType = wrapper.application; includeInIndex = 0; path = Football.app; sourceTree = BUILT_PRODUCTS_DIR; };
		D2E83FF11C30C2A2004BF4CA /* main.m */ = {isa = PBXFileReference; lastKnownFileType = sourcecode.c.objc; path = main.m; sourceTree = "<group>"; };
		D2E83FF31C30C2A2004BF4CA /* AppDelegate.h */ = {isa = PBXFileReference; lastKnownFileType = sourcecode.c.h; path = AppDelegate.h; sourceTree = "<group>"; };
		D2E83FF41C30C2A2004BF4CA /* AppDelegate.m */ = {isa = PBXFileReference; lastKnownFileType = sourcecode.c.objc; path = AppDelegate.m; sourceTree = "<group>"; };
		D2E83FF61C30C2A2004BF4CA /* ViewController.h */ = {isa = PBXFileReference; lastKnownFileType = sourcecode.c.h; path = ViewController.h; sourceTree = "<group>"; };
		D2E83FF71C30C2A2004BF4CA /* ViewController.m */ = {isa = PBXFileReference; lastKnownFileType = sourcecode.c.objc; path = ViewController.m; sourceTree = "<group>"; };
		D2E83FFA1C30C2A2004BF4CA /* Base */ = {isa = PBXFileReference; lastKnownFileType = file.storyboard; name = Base; path = Base.lproj/Main.storyboard; sourceTree = "<group>"; };
		D2E83FFC1C30C2A2004BF4CA /* Assets.xcassets */ = {isa = PBXFileReference; lastKnownFileType = folder.assetcatalog; path = Assets.xcassets; sourceTree = "<group>"; };
		D2E83FFF1C30C2A2004BF4CA /* Base */ = {isa = PBXFileReference; lastKnownFileType = file.storyboard; name = Base; path = Base.lproj/LaunchScreen.storyboard; sourceTree = "<group>"; };
		D2E840011C30C2A2004BF4CA /* Info.plist */ = {isa = PBXFileReference; lastKnownFileType = text.plist.xml; path = Info.plist; sourceTree = "<group>"; };
		D2E840061C30C2A2004BF4CA /* FootballTests.xctest */ = {isa = PBXFileReference; explicitFileType = wrapper.cfbundle; includeInIndex = 0; path = FootballTests.xctest; sourceTree = BUILT_PRODUCTS_DIR; };
		D2E8400A1C30C2A2004BF4CA /* FootballTests.m */ = {isa = PBXFileReference; lastKnownFileType = sourcecode.c.objc; path = FootballTests.m; sourceTree = "<group>"; };
		D2E8400C1C30C2A2004BF4CA /* Info.plist */ = {isa = PBXFileReference; lastKnownFileType = text.plist.xml; path = Info.plist; sourceTree = "<group>"; };
		D2E840111C30C2A2004BF4CA /* FootballUITests.xctest */ = {isa = PBXFileReference; explicitFileType = wrapper.cfbundle; includeInIndex = 0; path = FootballUITests.xctest; sourceTree = BUILT_PRODUCTS_DIR; };
		D2E840151C30C2A2004BF4CA /* FootballUITests.m */ = {isa = PBXFileReference; lastKnownFileType = sourcecode.c.objc; path = FootballUITests.m; sourceTree = "<group>"; };
		D2E840171C30C2A2004BF4CA /* Info.plist */ = {isa = PBXFileReference; lastKnownFileType = text.plist.xml; path = Info.plist; sourceTree = "<group>"; };
		D2E8403A1C34DAEC004BF4CA /* 1.txt */ = {isa = PBXFileReference; fileEncoding = 4; lastKnownFileType = text; path = 1.txt; sourceTree = "<group>"; };
/* End PBXFileReference section */

/* Begin PBXFrameworksBuildPhase section */
		D2E83FEA1C30C2A2004BF4CA /* Frameworks */ = {
			isa = PBXFrameworksBuildPhase;
			buildActionMask = 2147483647;
			files = (
			);
			runOnlyForDeploymentPostprocessing = 0;
		};
		D2E840031C30C2A2004BF4CA /* Frameworks */ = {
			isa = PBXFrameworksBuildPhase;
			buildActionMask = 2147483647;
			files = (
			);
			runOnlyForDeploymentPostprocessing = 0;
		};
		D2E8400E1C30C2A2004BF4CA /* Frameworks */ = {
			isa = PBXFrameworksBuildPhase;
			buildActionMask = 2147483647;
			files = (
			);
			runOnlyForDeploymentPostprocessing = 0;
		};
/* End PBXFrameworksBuildPhase section */

/* Begin PBXGroup section */
		D2E83FE41C30C2A2004BF4CA = {
			isa = PBXGroup;
			children = (
				D2E83FEF1C30C2A2004BF4CA /* Football */,
				D2E840091C30C2A2004BF4CA /* FootballTests */,
				D2E840141C30C2A2004BF4CA /* FootballUITests */,
				D2E83FEE1C30C2A2004BF4CA /* Products */,
			);
			sourceTree = "<group>";
		};
		D2E83FEE1C30C2A2004BF4CA /* Products */ = {
			isa = PBXGroup;
			children = (
				D2E83FED1C30C2A2004BF4CA /* Football.app */,
				D2E840061C30C2A2004BF4CA /* FootballTests.xctest */,
				D2E840111C30C2A2004BF4CA /* FootballUITests.xctest */,
			);
			name = Products;
			sourceTree = "<group>";
		};
		D2E83FEF1C30C2A2004BF4CA /* Football */ = {
			isa = PBXGroup;
			children = (
				D2E840231C30C3D4004BF4CA /* SourceFile */,
				D2E83FF31C30C2A2004BF4CA /* AppDelegate.h */,
				D2E83FF41C30C2A2004BF4CA /* AppDelegate.m */,
				D2E83FF61C30C2A2004BF4CA /* ViewController.h */,
				D2E83FF71C30C2A2004BF4CA /* ViewController.m */,
				D2E83FF91C30C2A2004BF4CA /* Main.storyboard */,
				D2E83FFC1C30C2A2004BF4CA /* Assets.xcassets */,
				D2E83FFE1C30C2A2004BF4CA /* LaunchScreen.storyboard */,
				D2E840011C30C2A2004BF4CA /* Info.plist */,
				D2E83FF01C30C2A2004BF4CA /* Supporting Files */,
			);
			path = Football;
			sourceTree = "<group>";
		};
		D2E83FF01C30C2A2004BF4CA /* Supporting Files */ = {
			isa = PBXGroup;
			children = (
				D2E83FF11C30C2A2004BF4CA /* main.m */,
			);
			name = "Supporting Files";
			sourceTree = "<group>";
		};
		D2E840091C30C2A2004BF4CA /* FootballTests */ = {
			isa = PBXGroup;
			children = (
				D2E8400A1C30C2A2004BF4CA /* FootballTests.m */,
				D2E8400C1C30C2A2004BF4CA /* Info.plist */,
			);
			path = FootballTests;
			sourceTree = "<group>";
		};
		D2E840141C30C2A2004BF4CA /* FootballUITests */ = {
			isa = PBXGroup;
			children = (
				D2E840151C30C2A2004BF4CA /* FootballUITests.m */,
				D2E840171C30C2A2004BF4CA /* Info.plist */,
			);
			path = FootballUITests;
			sourceTree = "<group>";
		};
		D2E840231C30C3D4004BF4CA /* SourceFile */ = {
			isa = PBXGroup;
			children = (
				D2E8403A1C34DAEC004BF4CA /* 1.txt */,
			);
			name = SourceFile;
			sourceTree = "<group>";
		};
/* End PBXGroup section */

/* Begin PBXNativeTarget section */
		D2E83FEC1C30C2A2004BF4CA /* Football */ = {
			isa = PBXNativeTarget;
			buildConfigurationList = D2E8401A1C30C2A2004BF4CA /* Build configuration list for PBXNativeTarget "Football" */;
			buildPhases = (
				D2E83FE91C30C2A2004BF4CA /* Sources */,
				D2E83FEA1C30C2A2004BF4CA /* Frameworks */,
				D2E83FEB1C30C2A2004BF4CA /* Resources */,
			);
			buildRules = (
			);
			dependencies = (
			);
			name = Football;
			productName = Football;
			productReference = D2E83FED1C30C2A2004BF4CA /* Football.app */;
			productType = "com.apple.product-type.application";
		};
		D2E840051C30C2A2004BF4CA /* FootballTests */ = {
			isa = PBXNativeTarget;
			buildConfigurationList = D2E8401D1C30C2A2004BF4CA /* Build configuration list for PBXNativeTarget "FootballTests" */;
			buildPhases = (
				D2E840021C30C2A2004BF4CA /* Sources */,
				D2E840031C30C2A2004BF4CA /* Frameworks */,
				D2E840041C30C2A2004BF4CA /* Resources */,
			);
			buildRules = (
			);
			dependencies = (
				D2E840081C30C2A2004BF4CA /* PBXTargetDependency */,
			);
			name = FootballTests;
			productName = FootballTests;
			productReference = D2E840061C30C2A2004BF4CA /* FootballTests.xctest */;
			productType = "com.apple.product-type.bundle.unit-test";
		};
		D2E840101C30C2A2004BF4CA /* FootballUITests */ = {
			isa = PBXNativeTarget;
			buildConfigurationList = D2E840201C30C2A2004BF4CA /* Build configuration list for PBXNativeTarget "FootballUITests" */;
			buildPhases = (
				D2E8400D1C30C2A2004BF4CA /* Sources */,
				D2E8400E1C30C2A2004BF4CA /* Frameworks */,
				D2E8400F1C30C2A2004BF4CA /* Resources */,
			);
			buildRules = (
			);
			dependencies = (
				D2E840131C30C2A2004BF4CA /* PBXTargetDependency */,
			);
			name = FootballUITests;
			productName = FootballUITests;
			productReference = D2E840111C30C2A2004BF4CA /* FootballUITests.xctest */;
			productType = "com.apple.product-type.bundle.ui-testing";
		};
/* End PBXNativeTarget section */

/* Begin PBXProject section */
		D2E83FE51C30C2A2004BF4CA /* Project object */ = {
			isa = PBXProject;
			attributes = {
				LastUpgradeCheck = 0710;
				ORGANIZATIONNAME = ucan;
				TargetAttributes = {
					D2E83FEC1C30C2A2004BF4CA = {
						CreatedOnToolsVersion = 7.1.1;
					};
					D2E840051C30C2A2004BF4CA = {
						CreatedOnToolsVersion = 7.1.1;
						TestTargetID = D2E83FEC1C30C2A2004BF4CA;
					};
					D2E840101C30C2A2004BF4CA = {
						CreatedOnToolsVersion = 7.1.1;
						TestTargetID = D2E83FEC1C30C2A2004BF4CA;
					};
				};
			};
			buildConfigurationList = D2E83FE81C30C2A2004BF4CA /* Build configuration list for PBXProject "Football" */;
			compatibilityVersion = "Xcode 3.2";
			developmentRegion = English;
			hasScannedForEncodings = 0;
			knownRegions = (
				en,
				Base,
			);
			mainGroup = D2E83FE41C30C2A2004BF4CA;
			productRefGroup = D2E83FEE1C30C2A2004BF4CA /* Products */;
			projectDirPath = "";
			projectRoot = "";
			targets = (
				D2E83FEC1C30C2A2004BF4CA /* Football */,
				D2E840051C30C2A2004BF4CA /* FootballTests */,
				D2E840101C30C2A2004BF4CA /* FootballUITests */,
			);
		};
/* End PBXProject section */

/* Begin PBXResourcesBuildPhase section */
		D2E83FEB1C30C2A2004BF4CA /* Resources */ = {
			isa = PBXResourcesBuildPhase;
			buildActionMask = 2147483647;
			files = (
				D2E840001C30C2A2004BF4CA /* LaunchScreen.storyboard in Resources */,
				D2E8403F1C34DAEC004BF4CA /* 1.txt in Resources */,
				D2E83FFD1C30C2A2004BF4CA /* Assets.xcassets in Resources */,
				D2E83FFB1C30C2A2004BF4CA /* Main.storyboard in Resources */,
			);
			runOnlyForDeploymentPostprocessing = 0;
		};
		D2E840041C30C2A2004BF4CA /* Resources */ = {
			isa = PBXResourcesBuildPhase;
			buildActionMask = 2147483647;
			files = (
			);
			runOnlyForDeploymentPostprocessing = 0;
		};
		D2E8400F1C30C2A2004BF4CA /* Resources */ = {
			isa = PBXResourcesBuildPhase;
			buildActionMask = 2147483647;
			files = (
			);
			runOnlyForDeploymentPostprocessing = 0;
		};
/* End PBXResourcesBuildPhase section */

/* Begin PBXSourcesBuildPhase section */
		D2E83FE91C30C2A2004BF4CA /* Sources */ = {
			isa = PBXSourcesBuildPhase;
			buildActionMask = 2147483647;
			files = (
				D2E83FF81C30C2A2004BF4CA /* ViewController.m in Sources */,
				D2E83FF51C30C2A2004BF4CA /* AppDelegate.m in Sources */,
				D2E83FF21C30C2A2004BF4CA /* main.m in Sources */,
			);
			runOnlyForDeploymentPostprocessing = 0;
		};
		D2E840021C30C2A2004BF4CA /* Sources */ = {
			isa = PBXSourcesBuildPhase;
			buildActionMask = 2147483647;
			files = (
				D2E8400B1C30C2A2004BF4CA /* FootballTests.m in Sources */,
			);
			runOnlyForDeploymentPostprocessing = 0;
		};
		D2E8400D1C30C2A2004BF4CA /* Sources */ = {
			isa = PBXSourcesBuildPhase;
			buildActionMask = 2147483647;
			files = (
				D2E840161C30C2A2004BF4CA /* FootballUITests.m in Sources */,
			);
			runOnlyForDeploymentPostprocessing = 0;
		};
/* End PBXSourcesBuildPhase section */

/* Begin PBXTargetDependency section */
		D2E840081C30C2A2004BF4CA /* PBXTargetDependency */ = {
			isa = PBXTargetDependency;
			target = D2E83FEC1C30C2A2004BF4CA /* Football */;
			targetProxy = D2E840071C30C2A2004BF4CA /* PBXContainerItemProxy */;
		};
		D2E840131C30C2A2004BF4CA /* PBXTargetDependency */ = {
			isa = PBXTargetDependency;
			target = D2E83FEC1C30C2A2004BF4CA /* Football */;
			targetProxy = D2E840121C30C2A2004BF4CA /* PBXContainerItemProxy */;
		};
/* End PBXTargetDependency section */

/* Begin PBXVariantGroup section */
		D2E83FF91C30C2A2004BF4CA /* Main.storyboard */ = {
			isa = PBXVariantGroup;
			children = (
				D2E83FFA1C30C2A2004BF4CA /* Base */,
			);
			name = Main.storyboard;
			sourceTree = "<group>";
		};
		D2E83FFE1C30C2A2004BF4CA /* LaunchScreen.storyboard */ = {
			isa = PBXVariantGroup;
			children = (
				D2E83FFF1C30C2A2004BF4CA /* Base */,
			);
			name = LaunchScreen.storyboard;
			sourceTree = "<group>";
		};
/* End PBXVariantGroup section */

/* Begin XCBuildConfiguration section */
		D2E840181C30C2A2004BF4CA /* Debug */ = {
			isa = XCBuildConfiguration;
			buildSettings = {
				ALWAYS_SEARCH_USER_PATHS = NO;
				CLANG_CXX_LANGUAGE_STANDARD = "gnu++0x";
				CLANG_CXX_LIBRARY = "libc++";
				CLANG_ENABLE_MODULES = YES;
				CLANG_ENABLE_OBJC_ARC = YES;
				CLANG_WARN_BOOL_CONVERSION = YES;
				CLANG_WARN_CONSTANT_CONVERSION = YES;
				CLANG_WARN_DIRECT_OBJC_ISA_USAGE = YES_ERROR;
				CLANG_WARN_EMPTY_BODY = YES;
				CLANG_WARN_ENUM_CONVERSION = YES;
				CLANG_WARN_INT_CONVERSION = YES;
				CLANG_WARN_OBJC_ROOT_CLASS = YES_ERROR;
				CLANG_WARN_UNREACHABLE_CODE = YES;
				CLANG_WARN__DUPLICATE_METHOD_MATCH = YES;
				"CODE_SIGN_IDENTITY[sdk=iphoneos*]" = "iPhone Developer";
				COPY_PHASE_STRIP = NO;
				DEBUG_INFORMATION_FORMAT = dwarf;
				ENABLE_STRICT_OBJC_MSGSEND = YES;
				ENABLE_TESTABILITY = YES;
				GCC_C_LANGUAGE_STANDARD = gnu99;
				GCC_DYNAMIC_NO_PIC = NO;
				GCC_NO_COMMON_BLOCKS = YES;
				GCC_OPTIMIZATION_LEVEL = 0;
				GCC_PREPROCESSOR_DEFINITIONS = (
					"DEBUG=1",
					"$(inherited)",
				);
				GCC_WARN_64_TO_32_BIT_CONVERSION = YES;
				GCC_WARN_ABOUT_RETURN_TYPE = YES_ERROR;
				GCC_WARN_UNDECLARED_SELECTOR = YES;
				GCC_WARN_UNINITIALIZED_AUTOS = YES_AGGRESSIVE;
				GCC_WARN_UNUSED_FUNCTION = YES;
				GCC_WARN_UNUSED_VARIABLE = YES;
				IPHONEOS_DEPLOYMENT_TARGET = 9.1;
				MTL_ENABLE_DEBUG_INFO = YES;
				ONLY_ACTIVE_ARCH = YES;
				SDKROOT = iphoneos;
			};
			name = Debug;
		};
		D2E840191C30C2A2004BF4CA /* Release */ = {
			isa = XCBuildConfiguration;
			buildSettings = {
				ALWAYS_SEARCH_USER_PATHS = NO;
				CLANG_CXX_LANGUAGE_STANDARD = "gnu++0x";
				CLANG_CXX_LIBRARY = "libc++";
				CLANG_ENABLE_MODULES = YES;
				CLANG_ENABLE_OBJC_ARC = YES;
				CLANG_WARN_BOOL_CONVERSION = YES;
				CLANG_WARN_CONSTANT_CONVERSION = YES;
				CLANG_WARN_DIRECT_OBJC_ISA_USAGE = YES_ERROR;
				CLANG_WARN_EMPTY_BODY = YES;
				CLANG_WARN_ENUM_CONVERSION = YES;
				CLANG_WARN_INT_CONVERSION = YES;
				CLANG_WARN_OBJC_ROOT_CLASS = YES_ERROR;
				CLANG_WARN_UNREACHABLE_CODE = YES;
				CLANG_WARN__DUPLICATE_METHOD_MATCH = YES;
				"CODE_SIGN_IDENTITY[sdk=iphoneos*]" = "iPhone Developer";
				COPY_PHASE_STRIP = NO;
				DEBUG_INFORMATION_FORMAT = "dwarf-with-dsym";
				ENABLE_NS_ASSERTIONS = NO;
				ENABLE_STRICT_OBJC_MSGSEND = YES;
				GCC_C_LANGUAGE_STANDARD = gnu99;
				GCC_NO_COMMON_BLOCKS = YES;
				GCC_WARN_64_TO_32_BIT_CONVERSION = YES;
				GCC_WARN_ABOUT_RETURN_TYPE = YES_ERROR;
				GCC_WARN_UNDECLARED_SELECTOR = YES;
				GCC_WARN_UNINITIALIZED_AUTOS = YES_AGGRESSIVE;
				GCC_WARN_UNUSED_FUNCTION = YES;
				GCC_WARN_UNUSED_VARIABLE = YES;
				IPHONEOS_DEPLOYMENT_TARGET = 9.1;
				MTL_ENABLE_DEBUG_INFO = NO;
				SDKROOT = iphoneos;
				VALIDATE_PRODUCT = YES;
			};
			name = Release;
		};
		D2E8401B1C30C2A2004BF4CA /* Debug */ = {
			isa = XCBuildConfiguration;
			buildSettings = {
				ASSETCATALOG_COMPILER_APPICON_NAME = AppIcon;
				INFOPLIST_FILE = Football/Info.plist;
				IPHONEOS_DEPLOYMENT_TARGET = 8.0;
				LD_RUNPATH_SEARCH_PATHS = "$(inherited) @executable_path/Frameworks";
				PRODUCT_BUNDLE_IDENTIFIER = com.ucan.Football;
				PRODUCT_NAME = "$(TARGET_NAME)";
			};
			name = Debug;
		};
		D2E8401C1C30C2A2004BF4CA /* Release */ = {
			isa = XCBuildConfiguration;
			buildSettings = {
				ASSETCATALOG_COMPILER_APPICON_NAME = AppIcon;
				INFOPLIST_FILE = Football/Info.plist;
				IPHONEOS_DEPLOYMENT_TARGET = 8.0;
				LD_RUNPATH_SEARCH_PATHS = "$(inherited) @executable_path/Frameworks";
				PRODUCT_BUNDLE_IDENTIFIER = com.ucan.Football;
				PRODUCT_NAME = "$(TARGET_NAME)";
			};
			name = Release;
		};
		D2E8401E1C30C2A2004BF4CA /* Debug */ = {
			isa = XCBuildConfiguration;
			buildSettings = {
				BUNDLE_LOADER = "$(TEST_HOST)";
				INFOPLIST_FILE = FootballTests/Info.plist;
				LD_RUNPATH_SEARCH_PATHS = "$(inherited) @executable_path/Frameworks @loader_path/Frameworks";
				PRODUCT_BUNDLE_IDENTIFIER = com.ucan.FootballTests;
				PRODUCT_NAME = "$(TARGET_NAME)";
				TEST_HOST = "$(BUILT_PRODUCTS_DIR)/Football.app/Football";
			};
			name = Debug;
		};
		D2E8401F1C30C2A2004BF4CA /* Release */ = {
			isa = XCBuildConfiguration;
			buildSettings = {
				BUNDLE_LOADER = "$(TEST_HOST)";
				INFOPLIST_FILE = FootballTests/Info.plist;
				LD_RUNPATH_SEARCH_PATHS = "$(inherited) @executable_path/Frameworks @loader_path/Frameworks";
				PRODUCT_BUNDLE_IDENTIFIER = com.ucan.FootballTests;
				PRODUCT_NAME = "$(TARGET_NAME)";
				TEST_HOST = "$(BUILT_PRODUCTS_DIR)/Football.app/Football";
			};
			name = Release;
		};
		D2E840211C30C2A2004BF4CA /* Debug */ = {
			isa = XCBuildConfiguration;
			buildSettings = {
				INFOPLIST_FILE = FootballUITests/Info.plist;
				LD_RUNPATH_SEARCH_PATHS = "$(inherited) @executable_path/Frameworks @loader_path/Frameworks";
				PRODUCT_BUNDLE_IDENTIFIER = com.ucan.FootballUITests;
				PRODUCT_NAME = "$(TARGET_NAME)";
				TEST_TARGET_NAME = Football;
				USES_XCTRUNNER = YES;
			};
			name = Debug;
		};
		D2E840221C30C2A2004BF4CA /* Release */ = {
			isa = XCBuildConfiguration;
			buildSettings = {
				INFOPLIST_FILE = FootballUITests/Info.plist;
				LD_RUNPATH_SEARCH_PATHS = "$(inherited) @executable_path/Frameworks @loader_path/Frameworks";
				PRODUCT_BUNDLE_IDENTIFIER = com.ucan.FootballUITests;
				PRODUCT_NAME = "$(TARGET_NAME)";
				TEST_TARGET_NAME = Football;
				USES_XCTRUNNER = YES;
			};
			name = Release;
		};
/* End XCBuildConfiguration section */

/* Begin XCConfigurationList section */
		D2E83FE81C30C2A2004BF4CA /* Build configuration list for PBXProject "Football" */ = {
			isa = XCConfigurationList;
			buildConfigurations = (
				D2E840181C30C2A2004BF4CA /* Debug */,
				D2E840191C30C2A2004BF4CA /* Release */,
			);
			defaultConfigurationIsVisible = 0;
			defaultConfigurationName = Release;
		};
		D2E8401A1C30C2A2004BF4CA /* Build configuration list for PBXNativeTarget "Football" */ = {
			isa = XCConfigurationList;
			buildConfigurations = (
				D2E8401B1C30C2A2004BF4CA /* Debug */,
				D2E8401C1C30C2A2004BF4CA /* Release */,
			);
			defaultConfigurationIsVisible = 0;
			defaultConfigurationName = Release;
		};
		D2E8401D1C30C2A2004BF4CA /* Build configuration list for PBXNativeTarget "FootballTests" */ = {
			isa = XCConfigurationList;
			buildConfigurations = (
				D2E8401E1C30C2A2004BF4CA /* Debug */,
				D2E8401F1C30C2A2004BF4CA /* Release */,
			);
			defaultConfigurationIsVisible = 0;
			defaultConfigurationName = Release;
		};
		D2E840201C30C2A2004BF4CA /* Build configuration list for PBXNativeTarget "FootballUITests" */ = {
			isa = XCConfigurationList;
			buildConfigurations = (
				D2E840211C30C2A2004BF4CA /* Debug */,
				D2E840221C30C2A2004BF4CA /* Release */,
			);
			defaultConfigurationIsVisible = 0;
			defaultConfigurationName = Release;
		};
/* End XCConfigurationList section */
	};
	rootObject = D2E83FE51C30C2A2004BF4CA /* Project object */;
}
